
Microsoft Visual Studio Solution File, Format Version 12.00
# Visual Studio Version 17
VisualStudioVersion = 17.5.33530.505
MinimumVisualStudioVersion = 10.0.40219.1
Project("{FAE04EC0-301F-11D3-BF4B-00C04F79EFBC}") = "OrgaiW", "OrgaiW\OrgaiW.csproj", "{2307BB5A-0AE4-49BB-AB46-0CE12719A970}"
EndProject
Global
	GlobalSection(SolutionConfigurationPlatforms) = preSolution
		Debug|Any CPU = Debug|Any CPU
		Release|Any CPU = Release|Any CPU
	EndGlobalSection
	GlobalSection(ProjectConfigurationPlatforms) = postSolution
		{2307BB5A-0AE4-49BB-AB46-0CE12719A970}.Debug|Any CPU.ActiveCfg = Debug|Any CPU
		{2307BB5A-0AE4-49BB-AB46-0CE12719A970}.Debug|Any CPU.Build.0 = Debug|Any CPU
		{2307BB5A-0AE4-49BB-AB46-0CE12719A970}.Release|Any CPU.ActiveCfg = Release|Any CPU
		{2307BB5A-0AE4-49BB-AB46-0CE12719A970}.Release|Any CPU.Build.0 = Release|Any CPU
	EndGlobalSection
	GlobalSection(SolutionProperties) = preSolution
		HideSolutionNode = FALSE
	EndGlobalSection
	GlobalSection(ExtensibilityGlobals) = postSolution
		SolutionGuid = {136632CB-1958-43FC-B999-381CFDAEF87F}
	EndGlobalSection
EndGlobal
